
Microsoft Visual Studio Solution File, Format Version 12.00
# Visual Studio Version 17
VisualStudioVersion = 17.1.32210.238
MinimumVisualStudioVersion = 10.0.40219.1
Project("{FAE04EC0-301F-11D3-BF4B-00C04F79EFBC}") = "Linq", "Linq\Linq.csproj", "{B661AE79-008A-4B43-A0FB-CF9AA410DF24}"
EndProject
Global
	GlobalSection(SolutionConfigurationPlatforms) = preSolution
		Debug|Any CPU = Debug|Any CPU
		Release|Any CPU = Release|Any CPU
	EndGlobalSection
	GlobalSection(ProjectConfigurationPlatforms) = postSolution
		{B661AE79-008A-4B43-A0FB-CF9AA410DF24}.Debug|Any CPU.ActiveCfg = Debug|Any CPU
		{B661AE79-008A-4B43-A0FB-CF9AA410DF24}.Debug|Any CPU.Build.0 = Debug|Any CPU
		{B661AE79-008A-4B43-A0FB-CF9AA410DF24}.Release|Any CPU.ActiveCfg = Release|Any CPU
		{B661AE79-008A-4B43-A0FB-CF9AA410DF24}.Release|Any CPU.Build.0 = Release|Any CPU
	EndGlobalSection
	GlobalSection(SolutionProperties) = preSolution
		HideSolutionNode = FALSE
	EndGlobalSection
	GlobalSection(ExtensibilityGlobals) = postSolution
		SolutionGuid = {E5469624-5921-4D10-9763-C2DD690FC0C8}
	EndGlobalSection
EndGlobal
