
Microsoft Visual Studio Solution File, Format Version 12.00
# Visual Studio Version 17
VisualStudioVersion = 17.1.32210.238
MinimumVisualStudioVersion = 10.0.40219.1
Project("{FAE04EC0-301F-11D3-BF4B-00C04F79EFBC}") = "Strings_Time", "Strings_Time\Strings_Time.csproj", "{976789CC-62C2-4CBF-B3F4-999714A99FA3}"
EndProject
Global
	GlobalSection(SolutionConfigurationPlatforms) = preSolution
		Debug|Any CPU = Debug|Any CPU
		Release|Any CPU = Release|Any CPU
	EndGlobalSection
	GlobalSection(ProjectConfigurationPlatforms) = postSolution
		{976789CC-62C2-4CBF-B3F4-999714A99FA3}.Debug|Any CPU.ActiveCfg = Debug|Any CPU
		{976789CC-62C2-4CBF-B3F4-999714A99FA3}.Debug|Any CPU.Build.0 = Debug|Any CPU
		{976789CC-62C2-4CBF-B3F4-999714A99FA3}.Release|Any CPU.ActiveCfg = Release|Any CPU
		{976789CC-62C2-4CBF-B3F4-999714A99FA3}.Release|Any CPU.Build.0 = Release|Any CPU
	EndGlobalSection
	GlobalSection(SolutionProperties) = preSolution
		HideSolutionNode = FALSE
	EndGlobalSection
	GlobalSection(ExtensibilityGlobals) = postSolution
		SolutionGuid = {7582F456-8C6B-4427-A6D3-5378B06F8178}
	EndGlobalSection
EndGlobal
